
Microsoft Visual Studio Solution File, Format Version 12.00
# Visual Studio Version 17
VisualStudioVersion = 17.8.34322.80
MinimumVisualStudioVersion = 10.0.40219.1
Project("{9A19103F-16F7-4668-BE54-9A1E7A4F7556}") = "WebApi", "WebApi\WebApi.csproj", "{6B678E02-0B3C-4B33-8555-732BFDEEF647}"
EndProject
Global
	GlobalSection(SolutionConfigurationPlatforms) = preSolution
		Debug|Any CPU = Debug|Any CPU
		Release|Any CPU = Release|Any CPU
	EndGlobalSection
	GlobalSection(ProjectConfigurationPlatforms) = postSolution
		{6B678E02-0B3C-4B33-8555-732BFDEEF647}.Debug|Any CPU.ActiveCfg = Debug|Any CPU
		{6B678E02-0B3C-4B33-8555-732BFDEEF647}.Debug|Any CPU.Build.0 = Debug|Any CPU
		{6B678E02-0B3C-4B33-8555-732BFDEEF647}.Release|Any CPU.ActiveCfg = Release|Any CPU
		{6B678E02-0B3C-4B33-8555-732BFDEEF647}.Release|Any CPU.Build.0 = Release|Any CPU
	EndGlobalSection
	GlobalSection(SolutionProperties) = preSolution
		HideSolutionNode = FALSE
	EndGlobalSection
	GlobalSection(ExtensibilityGlobals) = postSolution
		SolutionGuid = {7985534E-9C7E-4764-9633-A9CA040AE86E}
	EndGlobalSection
EndGlobal
