
Microsoft Visual Studio Solution File, Format Version 12.00
# Visual Studio Version 17
VisualStudioVersion = 17.8.34322.80
MinimumVisualStudioVersion = 10.0.40219.1
Project("{9A19103F-16F7-4668-BE54-9A1E7A4F7556}") = "WebApi", "WebApi.csproj", "{44A4B92F-0FEF-48C4-AE74-5ACC3EFEFE78}"
EndProject
Project("{9A19103F-16F7-4668-BE54-9A1E7A4F7556}") = "Model", "..\Model\Model.csproj", "{C29FF48C-2E34-4389-A160-545985117D68}"
EndProject
Project("{9A19103F-16F7-4668-BE54-9A1E7A4F7556}") = "Server.Core", "..\Server.Core\Server.Core.csproj", "{1A2B7700-E3DF-4347-B3AD-052AED66E25C}"
EndProject
Global
	GlobalSection(SolutionConfigurationPlatforms) = preSolution
		Debug|Any CPU = Debug|Any CPU
		Release|Any CPU = Release|Any CPU
	EndGlobalSection
	GlobalSection(ProjectConfigurationPlatforms) = postSolution
		{44A4B92F-0FEF-48C4-AE74-5ACC3EFEFE78}.Debug|Any CPU.ActiveCfg = Debug|Any CPU
		{44A4B92F-0FEF-48C4-AE74-5ACC3EFEFE78}.Debug|Any CPU.Build.0 = Debug|Any CPU
		{44A4B92F-0FEF-48C4-AE74-5ACC3EFEFE78}.Release|Any CPU.ActiveCfg = Release|Any CPU
		{44A4B92F-0FEF-48C4-AE74-5ACC3EFEFE78}.Release|Any CPU.Build.0 = Release|Any CPU
		{C29FF48C-2E34-4389-A160-545985117D68}.Debug|Any CPU.ActiveCfg = Debug|Any CPU
		{C29FF48C-2E34-4389-A160-545985117D68}.Debug|Any CPU.Build.0 = Debug|Any CPU
		{C29FF48C-2E34-4389-A160-545985117D68}.Release|Any CPU.ActiveCfg = Release|Any CPU
		{C29FF48C-2E34-4389-A160-545985117D68}.Release|Any CPU.Build.0 = Release|Any CPU
		{1A2B7700-E3DF-4347-B3AD-052AED66E25C}.Debug|Any CPU.ActiveCfg = Debug|Any CPU
		{1A2B7700-E3DF-4347-B3AD-052AED66E25C}.Debug|Any CPU.Build.0 = Debug|Any CPU
		{1A2B7700-E3DF-4347-B3AD-052AED66E25C}.Release|Any CPU.ActiveCfg = Release|Any CPU
		{1A2B7700-E3DF-4347-B3AD-052AED66E25C}.Release|Any CPU.Build.0 = Release|Any CPU
	EndGlobalSection
	GlobalSection(SolutionProperties) = preSolution
		HideSolutionNode = FALSE
	EndGlobalSection
	GlobalSection(ExtensibilityGlobals) = postSolution
		SolutionGuid = {7985534E-9C7E-4764-9633-A9CA040AE86E}
	EndGlobalSection
EndGlobal
